Microsoft Visual Studio Solution File, Format Version 12.00
# Visual Studio 2012
Project("{FAE04EC0-301F-11D3-BF4B-00C04F79EFBC}") = "GMTKJam2023VN", "GMTKJam2023VN.csproj", "{037A9863-D4EE-436D-A271-DD0D9CBE3309}"
EndProject
Global
	GlobalSection(SolutionConfigurationPlatforms) = preSolution
	Debug|Any CPU = Debug|Any CPU
	ExportDebug|Any CPU = ExportDebug|Any CPU
	ExportRelease|Any CPU = ExportRelease|Any CPU
	EndGlobalSection
	GlobalSection(ProjectConfigurationPlatforms) = postSolution
		{037A9863-D4EE-436D-A271-DD0D9CBE3309}.Debug|Any CPU.ActiveCfg = Debug|Any CPU
		{037A9863-D4EE-436D-A271-DD0D9CBE3309}.Debug|Any CPU.Build.0 = Debug|Any CPU
		{037A9863-D4EE-436D-A271-DD0D9CBE3309}.ExportDebug|Any CPU.ActiveCfg = ExportDebug|Any CPU
		{037A9863-D4EE-436D-A271-DD0D9CBE3309}.ExportDebug|Any CPU.Build.0 = ExportDebug|Any CPU
		{037A9863-D4EE-436D-A271-DD0D9CBE3309}.ExportRelease|Any CPU.ActiveCfg = ExportRelease|Any CPU
		{037A9863-D4EE-436D-A271-DD0D9CBE3309}.ExportRelease|Any CPU.Build.0 = ExportRelease|Any CPU
	EndGlobalSection
EndGlobal
